
Microsoft Visual Studio Solution File, Format Version 11.00
# Visual Studio 2010
Project("{8BC9CEB8-8B4A-11D0-8D11-00A0C91BC942}") = "AI_2010", "AI_2010\AI_2010.vcxproj", "{1DFBE500-94B7-465B-A9EC-058BE6EC3673}"
EndProject
Global
	GlobalSection(SolutionConfigurationPlatforms) = preSolution
		Debug|Win32 = Debug|Win32
		Release|Win32 = Release|Win32
	EndGlobalSection
	GlobalSection(ProjectConfigurationPlatforms) = postSolution
		{1DFBE500-94B7-465B-A9EC-058BE6EC3673}.Debug|Win32.ActiveCfg = Debug|Win32
		{1DFBE500-94B7-465B-A9EC-058BE6EC3673}.Debug|Win32.Build.0 = Debug|Win32
		{1DFBE500-94B7-465B-A9EC-058BE6EC3673}.Release|Win32.ActiveCfg = Release|Win32
		{1DFBE500-94B7-465B-A9EC-058BE6EC3673}.Release|Win32.Build.0 = Release|Win32
	EndGlobalSection
	GlobalSection(SolutionProperties) = preSolution
		HideSolutionNode = FALSE
	EndGlobalSection
EndGlobal
